
Microsoft Visual Studio Solution File, Format Version 12.00
# Visual Studio Version 16
VisualStudioVersion = 16.0.31205.134
MinimumVisualStudioVersion = 10.0.40219.1
Project("{9A19103F-16F7-4668-BE54-9A1E7A4F7556}") = "ProductKata.Domain", "ProductKata.Domain\ProductKata.Domain.csproj", "{68484169-CA6C-47F2-97F0-F1DC5B984ACE}"
EndProject
Project("{9A19103F-16F7-4668-BE54-9A1E7A4F7556}") = "ProductKata.DB", "ProductKata.DB\ProductKata.DB.csproj", "{795C54B7-D13B-449F-929B-2A6367F437FB}"
EndProject
Project("{9A19103F-16F7-4668-BE54-9A1E7A4F7556}") = "ProductKata.Api", "ProductKata.Api\ProductKata.Api.csproj", "{6A89AB75-9041-45DB-9F3E-2732971829F5}"
EndProject
Project("{2150E333-8FDC-42A3-9474-1A3956D46DE8}") = "Solution Items", "Solution Items", "{BB488087-7392-451E-8860-9B945649C602}"
	ProjectSection(SolutionItems) = preProject
		README.md = README.md
	EndProjectSection
EndProject
Project("{9A19103F-16F7-4668-BE54-9A1E7A4F7556}") = "ProductKata.UnitTests", "ProductKata.UnitTests\ProductKata.UnitTests.csproj", "{8AAF0FB1-3C27-4CA2-BAEC-F52CBEE7167E}"
EndProject
Global
	GlobalSection(SolutionConfigurationPlatforms) = preSolution
		Debug|Any CPU = Debug|Any CPU
		Release|Any CPU = Release|Any CPU
	EndGlobalSection
	GlobalSection(ProjectConfigurationPlatforms) = postSolution
		{68484169-CA6C-47F2-97F0-F1DC5B984ACE}.Debug|Any CPU.ActiveCfg = Debug|Any CPU
		{68484169-CA6C-47F2-97F0-F1DC5B984ACE}.Debug|Any CPU.Build.0 = Debug|Any CPU
		{68484169-CA6C-47F2-97F0-F1DC5B984ACE}.Release|Any CPU.ActiveCfg = Release|Any CPU
		{68484169-CA6C-47F2-97F0-F1DC5B984ACE}.Release|Any CPU.Build.0 = Release|Any CPU
		{795C54B7-D13B-449F-929B-2A6367F437FB}.Debug|Any CPU.ActiveCfg = Debug|Any CPU
		{795C54B7-D13B-449F-929B-2A6367F437FB}.Debug|Any CPU.Build.0 = Debug|Any CPU
		{795C54B7-D13B-449F-929B-2A6367F437FB}.Release|Any CPU.ActiveCfg = Release|Any CPU
		{795C54B7-D13B-449F-929B-2A6367F437FB}.Release|Any CPU.Build.0 = Release|Any CPU
		{6A89AB75-9041-45DB-9F3E-2732971829F5}.Debug|Any CPU.ActiveCfg = Debug|Any CPU
		{6A89AB75-9041-45DB-9F3E-2732971829F5}.Debug|Any CPU.Build.0 = Debug|Any CPU
		{6A89AB75-9041-45DB-9F3E-2732971829F5}.Release|Any CPU.ActiveCfg = Release|Any CPU
		{6A89AB75-9041-45DB-9F3E-2732971829F5}.Release|Any CPU.Build.0 = Release|Any CPU
		{8AAF0FB1-3C27-4CA2-BAEC-F52CBEE7167E}.Debug|Any CPU.ActiveCfg = Debug|Any CPU
		{8AAF0FB1-3C27-4CA2-BAEC-F52CBEE7167E}.Debug|Any CPU.Build.0 = Debug|Any CPU
		{8AAF0FB1-3C27-4CA2-BAEC-F52CBEE7167E}.Release|Any CPU.ActiveCfg = Release|Any CPU
		{8AAF0FB1-3C27-4CA2-BAEC-F52CBEE7167E}.Release|Any CPU.Build.0 = Release|Any CPU
	EndGlobalSection
	GlobalSection(SolutionProperties) = preSolution
		HideSolutionNode = FALSE
	EndGlobalSection
	GlobalSection(ExtensibilityGlobals) = postSolution
		SolutionGuid = {D3A79A58-E13B-460A-8C81-8720321CC1C2}
	EndGlobalSection
EndGlobal
